{
  "object": {
    "pins": [
      {
        "package": "CarBode",
        "repositoryURL": "https://github.com/heart/CarBode-Barcode-Scanner-For-SwiftUI",
        "state": {
          "branch": "develop",
          "revision": "dd2a019124b27cdd56f248277a85e34bf598aa76",
          "version": null
        }
      }
    ]
  },
  "version": 1
}
