{
  "object": {
    "pins": [
      {
        "package": "CarBode",
        "repositoryURL": "https://github.com/heart/CarBode-Barcode-Scanner-For-SwiftUI/",
        "state": {
          "branch": "master",
          "revision": "dae98fbf72430573e3c1818e9efbcf3eba4aac47",
          "version": null
        }
      }
    ]
  },
  "version": 1
}
