{
  "object": {
    "pins": [
      {
        "package": "CarBode",
        "repositoryURL": "https://github.com/heart/CarBode-Barcode-Scanner-For-SwiftUI",
        "state": {
          "branch": "develop",
          "revision": "195c4eeeb702dbd9d72a913dd2719735b1a59027",
          "version": null
        }
      }
    ]
  },
  "version": 1
}
