// !$*UTF8*$!
{
	archiveVersion = 1;
	classes = {
	};
	objectVersion = 50;
	objects = {

/* Begin PBXBuildFile section */
		3E43BC652410C85300B3384A /* ModalBarcodeGenerator.swift in Sources */ = {isa = PBXBuildFile; fileRef = 3E43BC642410C85300B3384A /* ModalBarcodeGenerator.swift */; };
		3EC5EF7C23C447EA0063A687 /* AppDelegate.swift in Sources */ = {isa = PBXBuildFile; fileRef = 3EC5EF7B23C447EA0063A687 /* AppDelegate.swift */; };
		3EC5EF7E23C447EA0063A687 /* SceneDelegate.swift in Sources */ = {isa = PBXBuildFile; fileRef = 3EC5EF7D23C447EA0063A687 /* SceneDelegate.swift */; };
		3EC5EF8023C447EA0063A687 /* ContentView.swift in Sources */ = {isa = PBXBuildFile; fileRef = 3EC5EF7F23C447EA0063A687 /* ContentView.swift */; };
		3EC5EF8223C447EE0063A687 /* Assets.xcassets in Resources */ = {isa = PBXBuildFile; fileRef = 3EC5EF8123C447EE0063A687 /* Assets.xcassets */; };
		3EC5EF8523C447EE0063A687 /* Preview Assets.xcassets in Resources */ = {isa = PBXBuildFile; fileRef = 3EC5EF8423C447EE0063A687 /* Preview Assets.xcassets */; };
		3EC5EF8823C447EE0063A687 /* LaunchScreen.storyboard in Resources */ = {isa = PBXBuildFile; fileRef = 3EC5EF8623C447EE0063A687 /* LaunchScreen.storyboard */; };
		3EC5EF9223C448A20063A687 /* ModalScannerView.swift in Sources */ = {isa = PBXBuildFile; fileRef = 3EC5EF9123C448A20063A687 /* ModalScannerView.swift */; };
/* End PBXBuildFile section */

/* Begin PBXFileReference section */
		3E43BC642410C85300B3384A /* ModalBarcodeGenerator.swift */ = {isa = PBXFileReference; lastKnownFileType = sourcecode.swift; path = ModalBarcodeGenerator.swift; sourceTree = "<group>"; };
		3EC5EF7823C447EA0063A687 /* ExampleProject.app */ = {isa = PBXFileReference; explicitFileType = wrapper.application; includeInIndex = 0; path = ExampleProject.app; sourceTree = BUILT_PRODUCTS_DIR; };
		3EC5EF7B23C447EA0063A687 /* AppDelegate.swift */ = {isa = PBXFileReference; lastKnownFileType = sourcecode.swift; path = AppDelegate.swift; sourceTree = "<group>"; };
		3EC5EF7D23C447EA0063A687 /* SceneDelegate.swift */ = {isa = PBXFileReference; lastKnownFileType = sourcecode.swift; path = SceneDelegate.swift; sourceTree = "<group>"; };
		3EC5EF7F23C447EA0063A687 /* ContentView.swift */ = {isa = PBXFileReference; lastKnownFileType = sourcecode.swift; path = ContentView.swift; sourceTree = "<group>"; };
		3EC5EF8123C447EE0063A687 /* Assets.xcassets */ = {isa = PBXFileReference; lastKnownFileType = folder.assetcatalog; path = Assets.xcassets; sourceTree = "<group>"; };
		3EC5EF8423C447EE0063A687 /* Preview Assets.xcassets */ = {isa = PBXFileReference; lastKnownFileType = folder.assetcatalog; path = "Preview Assets.xcassets"; sourceTree = "<group>"; };
		3EC5EF8723C447EE0063A687 /* Base */ = {isa = PBXFileReference; lastKnownFileType = file.storyboard; name = Base; path = Base.lproj/LaunchScreen.storyboard; sourceTree = "<group>"; };
		3EC5EF8923C447EE0063A687 /* Info.plist */ = {isa = PBXFileReference; lastKnownFileType = text.plist.xml; path = Info.plist; sourceTree = "<group>"; };
		3EC5EF9123C448A20063A687 /* ModalScannerView.swift */ = {isa = PBXFileReference; lastKnownFileType = sourcecode.swift; path = ModalScannerView.swift; sourceTree = "<group>"; };
		B4DA34042CA7D61900A817E5 /* CarBode-Barcode-Scanner-For-SwiftUI-master */ = {isa = PBXFileReference; lastKnownFileType = wrapper; name = "CarBode-Barcode-Scanner-For-SwiftUI-master"; path = ..; sourceTree = "<group>"; };
/* End PBXFileReference section */

/* Begin PBXFrameworksBuildPhase section */
		3EC5EF7523C447EA0063A687 /* Frameworks */ = {
			isa = PBXFrameworksBuildPhase;
			buildActionMask = 2147483647;
			files = (
			);
			runOnlyForDeploymentPostprocessing = 0;
		};
/* End PBXFrameworksBuildPhase section */

/* Begin PBXGroup section */
		3EC5EF6F23C447EA0063A687 = {
			isa = PBXGroup;
			children = (
				3EC5EF7A23C447EA0063A687 /* ExampleProject */,
				3EC5EF7923C447EA0063A687 /* Products */,
				4FE393DE2521C1FD007165D3 /* Frameworks */,
			);
			sourceTree = "<group>";
		};
		3EC5EF7923C447EA0063A687 /* Products */ = {
			isa = PBXGroup;
			children = (
				3EC5EF7823C447EA0063A687 /* ExampleProject.app */,
			);
			name = Products;
			sourceTree = "<group>";
		};
		3EC5EF7A23C447EA0063A687 /* ExampleProject */ = {
			isa = PBXGroup;
			children = (
				3EC5EF7B23C447EA0063A687 /* AppDelegate.swift */,
				3EC5EF7D23C447EA0063A687 /* SceneDelegate.swift */,
				3EC5EF7F23C447EA0063A687 /* ContentView.swift */,
				3EC5EF9123C448A20063A687 /* ModalScannerView.swift */,
				3E43BC642410C85300B3384A /* ModalBarcodeGenerator.swift */,
				3EC5EF8123C447EE0063A687 /* Assets.xcassets */,
				3EC5EF8623C447EE0063A687 /* LaunchScreen.storyboard */,
				3EC5EF8923C447EE0063A687 /* Info.plist */,
				3EC5EF8323C447EE0063A687 /* Preview Content */,
			);
			path = ExampleProject;
			sourceTree = "<group>";
		};
		3EC5EF8323C447EE0063A687 /* Preview Content */ = {
			isa = PBXGroup;
			children = (
				3EC5EF8423C447EE0063A687 /* Preview Assets.xcassets */,
			);
			path = "Preview Content";
			sourceTree = "<group>";
		};
		4FE393DE2521C1FD007165D3 /* Frameworks */ = {
			isa = PBXGroup;
			children = (
				B4DA34042CA7D61900A817E5 /* CarBode-Barcode-Scanner-For-SwiftUI-master */,
			);
			name = Frameworks;
			sourceTree = "<group>";
		};
/* End PBXGroup section */

/* Begin PBXNativeTarget section */
		3EC5EF7723C447EA0063A687 /* ExampleProject */ = {
			isa = PBXNativeTarget;
			buildConfigurationList = 3EC5EF8C23C447EE0063A687 /* Build configuration list for PBXNativeTarget "ExampleProject" */;
			buildPhases = (
				3EC5EF7423C447EA0063A687 /* Sources */,
				3EC5EF7523C447EA0063A687 /* Frameworks */,
				3EC5EF7623C447EA0063A687 /* Resources */,
			);
			buildRules = (
			);
			dependencies = (
			);
			name = ExampleProject;
			packageProductDependencies = (
			);
			productName = ExampleProject;
			productReference = 3EC5EF7823C447EA0063A687 /* ExampleProject.app */;
			productType = "com.apple.product-type.application";
		};
/* End PBXNativeTarget section */

/* Begin PBXProject section */
		3EC5EF7023C447EA0063A687 /* Project object */ = {
			isa = PBXProject;
			attributes = {
				LastSwiftUpdateCheck = 1130;
				LastUpgradeCheck = 1130;
				ORGANIZATIONNAME = "narongrit kanhanoi";
				TargetAttributes = {
					3EC5EF7723C447EA0063A687 = {
						CreatedOnToolsVersion = 11.3;
					};
				};
			};
			buildConfigurationList = 3EC5EF7323C447EA0063A687 /* Build configuration list for PBXProject "ExampleProject" */;
			compatibilityVersion = "Xcode 9.3";
			developmentRegion = en;
			hasScannedForEncodings = 0;
			knownRegions = (
				en,
				Base,
			);
			mainGroup = 3EC5EF6F23C447EA0063A687;
			packageReferences = (
			);
			productRefGroup = 3EC5EF7923C447EA0063A687 /* Products */;
			projectDirPath = "";
			projectRoot = "";
			targets = (
				3EC5EF7723C447EA0063A687 /* ExampleProject */,
			);
		};
/* End PBXProject section */

/* Begin PBXResourcesBuildPhase section */
		3EC5EF7623C447EA0063A687 /* Resources */ = {
			isa = PBXResourcesBuildPhase;
			buildActionMask = 2147483647;
			files = (
				3EC5EF8823C447EE0063A687 /* LaunchScreen.storyboard in Resources */,
				3EC5EF8523C447EE0063A687 /* Preview Assets.xcassets in Resources */,
				3EC5EF8223C447EE0063A687 /* Assets.xcassets in Resources */,
			);
			runOnlyForDeploymentPostprocessing = 0;
		};
/* End PBXResourcesBuildPhase section */

/* Begin PBXSourcesBuildPhase section */
		3EC5EF7423C447EA0063A687 /* Sources */ = {
			isa = PBXSourcesBuildPhase;
			buildActionMask = 2147483647;
			files = (
				3EC5EF7C23C447EA0063A687 /* AppDelegate.swift in Sources */,
				3EC5EF7E23C447EA0063A687 /* SceneDelegate.swift in Sources */,
				3E43BC652410C85300B3384A /* ModalBarcodeGenerator.swift in Sources */,
				3EC5EF8023C447EA0063A687 /* ContentView.swift in Sources */,
				3EC5EF9223C448A20063A687 /* ModalScannerView.swift in Sources */,
			);
			runOnlyForDeploymentPostprocessing = 0;
		};
/* End PBXSourcesBuildPhase section */

/* Begin PBXVariantGroup section */
		3EC5EF8623C447EE0063A687 /* LaunchScreen.storyboard */ = {
			isa = PBXVariantGroup;
			children = (
				3EC5EF8723C447EE0063A687 /* Base */,
			);
			name = LaunchScreen.storyboard;
			sourceTree = "<group>";
		};
/* End PBXVariantGroup section */

/* Begin XCBuildConfiguration section */
		3EC5EF8A23C447EE0063A687 /* Debug */ = {
			isa = XCBuildConfiguration;
			buildSettings = {
				ALWAYS_SEARCH_USER_PATHS = NO;
				CLANG_ANALYZER_NONNULL = YES;
				CLANG_ANALYZER_NUMBER_OBJECT_CONVERSION = YES_AGGRESSIVE;
				CLANG_CXX_LANGUAGE_STANDARD = "gnu++14";
				CLANG_CXX_LIBRARY = "libc++";
				CLANG_ENABLE_MODULES = YES;
				CLANG_ENABLE_OBJC_ARC = YES;
				CLANG_ENABLE_OBJC_WEAK = YES;
				CLANG_WARN_BLOCK_CAPTURE_AUTORELEASING = YES;
				CLANG_WARN_BOOL_CONVERSION = YES;
				CLANG_WARN_COMMA = YES;
				CLANG_WARN_CONSTANT_CONVERSION = YES;
				CLANG_WARN_DEPRECATED_OBJC_IMPLEMENTATIONS = YES;
				CLANG_WARN_DIRECT_OBJC_ISA_USAGE = YES_ERROR;
				CLANG_WARN_DOCUMENTATION_COMMENTS = YES;
				CLANG_WARN_EMPTY_BODY = YES;
				CLANG_WARN_ENUM_CONVERSION = YES;
				CLANG_WARN_INFINITE_RECURSION = YES;
				CLANG_WARN_INT_CONVERSION = YES;
				CLANG_WARN_NON_LITERAL_NULL_CONVERSION = YES;
				CLANG_WARN_OBJC_IMPLICIT_RETAIN_SELF = YES;
				CLANG_WARN_OBJC_LITERAL_CONVERSION = YES;
				CLANG_WARN_OBJC_ROOT_CLASS = YES_ERROR;
				CLANG_WARN_RANGE_LOOP_ANALYSIS = YES;
				CLANG_WARN_STRICT_PROTOTYPES = YES;
				CLANG_WARN_SUSPICIOUS_MOVE = YES;
				CLANG_WARN_UNGUARDED_AVAILABILITY = YES_AGGRESSIVE;
				CLANG_WARN_UNREACHABLE_CODE = YES;
				CLANG_WARN__DUPLICATE_METHOD_MATCH = YES;
				COPY_PHASE_STRIP = NO;
				DEBUG_INFORMATION_FORMAT = dwarf;
				ENABLE_STRICT_OBJC_MSGSEND = YES;
				ENABLE_TESTABILITY = YES;
				GCC_C_LANGUAGE_STANDARD = gnu11;
				GCC_DYNAMIC_NO_PIC = NO;
				GCC_NO_COMMON_BLOCKS = YES;
				GCC_OPTIMIZATION_LEVEL = 0;
				GCC_PREPROCESSOR_DEFINITIONS = (
					"DEBUG=1",
					"$(inherited)",
				);
				GCC_WARN_64_TO_32_BIT_CONVERSION = YES;
				GCC_WARN_ABOUT_RETURN_TYPE = YES_ERROR;
				GCC_WARN_UNDECLARED_SELECTOR = YES;
				GCC_WARN_UNINITIALIZED_AUTOS = YES_AGGRESSIVE;
				GCC_WARN_UNUSED_FUNCTION = YES;
				GCC_WARN_UNUSED_VARIABLE = YES;
				IPHONEOS_DEPLOYMENT_TARGET = 13.2;
				MTL_ENABLE_DEBUG_INFO = INCLUDE_SOURCE;
				MTL_FAST_MATH = YES;
				ONLY_ACTIVE_ARCH = YES;
				SDKROOT = iphoneos;
				SWIFT_ACTIVE_COMPILATION_CONDITIONS = DEBUG;
				SWIFT_OPTIMIZATION_LEVEL = "-Onone";
			};
			name = Debug;
		};
		3EC5EF8B23C447EE0063A687 /* Release */ = {
			isa = XCBuildConfiguration;
			buildSettings = {
				ALWAYS_SEARCH_USER_PATHS = NO;
				CLANG_ANALYZER_NONNULL = YES;
				CLANG_ANALYZER_NUMBER_OBJECT_CONVERSION = YES_AGGRESSIVE;
				CLANG_CXX_LANGUAGE_STANDARD = "gnu++14";
				CLANG_CXX_LIBRARY = "libc++";
				CLANG_ENABLE_MODULES = YES;
				CLANG_ENABLE_OBJC_ARC = YES;
				CLANG_ENABLE_OBJC_WEAK = YES;
				CLANG_WARN_BLOCK_CAPTURE_AUTORELEASING = YES;
				CLANG_WARN_BOOL_CONVERSION = YES;
				CLANG_WARN_COMMA = YES;
				CLANG_WARN_CONSTANT_CONVERSION = YES;
				CLANG_WARN_DEPRECATED_OBJC_IMPLEMENTATIONS = YES;
				CLANG_WARN_DIRECT_OBJC_ISA_USAGE = YES_ERROR;
				CLANG_WARN_DOCUMENTATION_COMMENTS = YES;
				CLANG_WARN_EMPTY_BODY = YES;
				CLANG_WARN_ENUM_CONVERSION = YES;
				CLANG_WARN_INFINITE_RECURSION = YES;
				CLANG_WARN_INT_CONVERSION = YES;
				CLANG_WARN_NON_LITERAL_NULL_CONVERSION = YES;
				CLANG_WARN_OBJC_IMPLICIT_RETAIN_SELF = YES;
				CLANG_WARN_OBJC_LITERAL_CONVERSION = YES;
				CLANG_WARN_OBJC_ROOT_CLASS = YES_ERROR;
				CLANG_WARN_RANGE_LOOP_ANALYSIS = YES;
				CLANG_WARN_STRICT_PROTOTYPES = YES;
				CLANG_WARN_SUSPICIOUS_MOVE = YES;
				CLANG_WARN_UNGUARDED_AVAILABILITY = YES_AGGRESSIVE;
				CLANG_WARN_UNREACHABLE_CODE = YES;
				CLANG_WARN__DUPLICATE_METHOD_MATCH = YES;
				COPY_PHASE_STRIP = NO;
				DEBUG_INFORMATION_FORMAT = "dwarf-with-dsym";
				ENABLE_NS_ASSERTIONS = NO;
				ENABLE_STRICT_OBJC_MSGSEND = YES;
				GCC_C_LANGUAGE_STANDARD = gnu11;
				GCC_NO_COMMON_BLOCKS = YES;
				GCC_WARN_64_TO_32_BIT_CONVERSION = YES;
				GCC_WARN_ABOUT_RETURN_TYPE = YES_ERROR;
				GCC_WARN_UNDECLARED_SELECTOR = YES;
				GCC_WARN_UNINITIALIZED_AUTOS = YES_AGGRESSIVE;
				GCC_WARN_UNUSED_FUNCTION = YES;
				GCC_WARN_UNUSED_VARIABLE = YES;
				IPHONEOS_DEPLOYMENT_TARGET = 13.2;
				MTL_ENABLE_DEBUG_INFO = NO;
				MTL_FAST_MATH = YES;
				SDKROOT = iphoneos;
				SWIFT_COMPILATION_MODE = wholemodule;
				SWIFT_OPTIMIZATION_LEVEL = "-O";
				VALIDATE_PRODUCT = YES;
			};
			name = Release;
		};
		3EC5EF8D23C447EE0063A687 /* Debug */ = {
			isa = XCBuildConfiguration;
			buildSettings = {
				ASSETCATALOG_COMPILER_APPICON_NAME = AppIcon;
				CODE_SIGN_STYLE = Automatic;
				DEVELOPMENT_ASSET_PATHS = "\"ExampleProject/Preview Content\"";
				DEVELOPMENT_TEAM = Y9Y97FRR32;
				ENABLE_PREVIEWS = YES;
				INFOPLIST_FILE = ExampleProject/Info.plist;
				IPHONEOS_DEPLOYMENT_TARGET = 14.0;
				LD_RUNPATH_SEARCH_PATHS = (
					"$(inherited)",
					"@executable_path/Frameworks",
				);
				PRODUCT_BUNDLE_IDENTIFIER = com.by3dsinteractive.testscanner.ExampleProject;
				PRODUCT_NAME = "$(TARGET_NAME)";
				SWIFT_VERSION = 5.0;
				TARGETED_DEVICE_FAMILY = "1,2";
			};
			name = Debug;
		};
		3EC5EF8E23C447EE0063A687 /* Release */ = {
			isa = XCBuildConfiguration;
			buildSettings = {
				ASSETCATALOG_COMPILER_APPICON_NAME = AppIcon;
				CODE_SIGN_STYLE = Automatic;
				DEVELOPMENT_ASSET_PATHS = "\"ExampleProject/Preview Content\"";
				DEVELOPMENT_TEAM = Y9Y97FRR32;
				ENABLE_PREVIEWS = YES;
				INFOPLIST_FILE = ExampleProject/Info.plist;
				IPHONEOS_DEPLOYMENT_TARGET = 14.0;
				LD_RUNPATH_SEARCH_PATHS = (
					"$(inherited)",
					"@executable_path/Frameworks",
				);
				PRODUCT_BUNDLE_IDENTIFIER = com.by3dsinteractive.testscanner.ExampleProject;
				PRODUCT_NAME = "$(TARGET_NAME)";
				SWIFT_VERSION = 5.0;
				TARGETED_DEVICE_FAMILY = "1,2";
			};
			name = Release;
		};
/* End XCBuildConfiguration section */

/* Begin XCConfigurationList section */
		3EC5EF7323C447EA0063A687 /* Build configuration list for PBXProject "ExampleProject" */ = {
			isa = XCConfigurationList;
			buildConfigurations = (
				3EC5EF8A23C447EE0063A687 /* Debug */,
				3EC5EF8B23C447EE0063A687 /* Release */,
			);
			defaultConfigurationIsVisible = 0;
			defaultConfigurationName = Release;
		};
		3EC5EF8C23C447EE0063A687 /* Build configuration list for PBXNativeTarget "ExampleProject" */ = {
			isa = XCConfigurationList;
			buildConfigurations = (
				3EC5EF8D23C447EE0063A687 /* Debug */,
				3EC5EF8E23C447EE0063A687 /* Release */,
			);
			defaultConfigurationIsVisible = 0;
			defaultConfigurationName = Release;
		};
/* End XCConfigurationList section */
	};
	rootObject = 3EC5EF7023C447EA0063A687 /* Project object */;
}
